
Microsoft Visual Studio Solution File, Format Version 12.00
# Visual Studio Version 17
VisualStudioVersion = 17.14.36429.23 d17.14
MinimumVisualStudioVersion = 10.0.40219.1
Project("{FAE04EC0-301F-11D3-BF4B-00C04F79EFBC}") = "APIs", "APIs\APIs.csproj", "{E3699773-1866-465A-992A-7E9E02E4CDBC}"
EndProject
Project("{FAE04EC0-301F-11D3-BF4B-00C04F79EFBC}") = "Common", "Common\Common.csproj", "{9EC391BC-38AE-4C41-8C23-8A5077B6AE1A}"
EndProject
Project("{FAE04EC0-301F-11D3-BF4B-00C04F79EFBC}") = "Services", "Services\Services.csproj", "{1B275AA6-7F3D-4D48-B7A1-E73329DFA208}"
EndProject
Project("{FAE04EC0-301F-11D3-BF4B-00C04F79EFBC}") = "Repositories", "Repositories\Repositories.csproj", "{3E5EE7F7-B465-4DD3-AE50-2FAEA7A08C16}"
EndProject
Global
	GlobalSection(SolutionConfigurationPlatforms) = preSolution
		Debug|Any CPU = Debug|Any CPU
		Release|Any CPU = Release|Any CPU
	EndGlobalSection
	GlobalSection(ProjectConfigurationPlatforms) = postSolution
		{E3699773-1866-465A-992A-7E9E02E4CDBC}.Debug|Any CPU.ActiveCfg = Debug|Any CPU
		{E3699773-1866-465A-992A-7E9E02E4CDBC}.Debug|Any CPU.Build.0 = Debug|Any CPU
		{E3699773-1866-465A-992A-7E9E02E4CDBC}.Release|Any CPU.ActiveCfg = Release|Any CPU
		{E3699773-1866-465A-992A-7E9E02E4CDBC}.Release|Any CPU.Build.0 = Release|Any CPU
		{9EC391BC-38AE-4C41-8C23-8A5077B6AE1A}.Debug|Any CPU.ActiveCfg = Debug|Any CPU
		{9EC391BC-38AE-4C41-8C23-8A5077B6AE1A}.Debug|Any CPU.Build.0 = Debug|Any CPU
		{9EC391BC-38AE-4C41-8C23-8A5077B6AE1A}.Release|Any CPU.ActiveCfg = Release|Any CPU
		{9EC391BC-38AE-4C41-8C23-8A5077B6AE1A}.Release|Any CPU.Build.0 = Release|Any CPU
		{1B275AA6-7F3D-4D48-B7A1-E73329DFA208}.Debug|Any CPU.ActiveCfg = Debug|Any CPU
		{1B275AA6-7F3D-4D48-B7A1-E73329DFA208}.Debug|Any CPU.Build.0 = Debug|Any CPU
		{1B275AA6-7F3D-4D48-B7A1-E73329DFA208}.Release|Any CPU.ActiveCfg = Release|Any CPU
		{1B275AA6-7F3D-4D48-B7A1-E73329DFA208}.Release|Any CPU.Build.0 = Release|Any CPU
		{3E5EE7F7-B465-4DD3-AE50-2FAEA7A08C16}.Debug|Any CPU.ActiveCfg = Debug|Any CPU
		{3E5EE7F7-B465-4DD3-AE50-2FAEA7A08C16}.Debug|Any CPU.Build.0 = Debug|Any CPU
		{3E5EE7F7-B465-4DD3-AE50-2FAEA7A08C16}.Release|Any CPU.ActiveCfg = Release|Any CPU
		{3E5EE7F7-B465-4DD3-AE50-2FAEA7A08C16}.Release|Any CPU.Build.0 = Release|Any CPU
	EndGlobalSection
	GlobalSection(SolutionProperties) = preSolution
		HideSolutionNode = FALSE
	EndGlobalSection
	GlobalSection(ExtensibilityGlobals) = postSolution
		SolutionGuid = {5140D53A-6251-4D89-876A-B8471C1A47D3}
	EndGlobalSection
EndGlobal
